// !$*UTF8*$!
{
	archiveVersion = 1;
	classes = {
	};
	objectVersion = 56;
	objects = {

/* Begin PBXBuildFile section */
		3A52218C2C0295DD00388BBF /* SideBarItem.swift in Sources */ = {isa = PBXBuildFile; fileRef = 3A52218B2C0295DD00388BBF /* SideBarItem.swift */; };
		3A52218E2C029EF200388BBF /* SideBarView.swift in Sources */ = {isa = PBXBuildFile; fileRef = 3A52218D2C029EF200388BBF /* SideBarView.swift */; };
		3A5221922C02A21A00388BBF /* Album.swift in Sources */ = {isa = PBXBuildFile; fileRef = 3A5221912C02A21A00388BBF /* Album.swift */; };
		3A5221942C0649A900388BBF /* AlbumsView.swift in Sources */ = {isa = PBXBuildFile; fileRef = 3A5221932C0649A900388BBF /* AlbumsView.swift */; };
		3AF7CC0A2BFD002E009A9782 /* RealityKitContent in Frameworks */ = {isa = PBXBuildFile; productRef = 3AF7CC092BFD002E009A9782 /* RealityKitContent */; };
		3AF7CC0C2BFD002E009A9782 /* DanceDanceApp.swift in Sources */ = {isa = PBXBuildFile; fileRef = 3AF7CC0B2BFD002E009A9782 /* DanceDanceApp.swift */; };
		3AF7CC0E2BFD002E009A9782 /* ContentView.swift in Sources */ = {isa = PBXBuildFile; fileRef = 3AF7CC0D2BFD002E009A9782 /* ContentView.swift */; };
		3AF7CC102BFD0030009A9782 /* Assets.xcassets in Resources */ = {isa = PBXBuildFile; fileRef = 3AF7CC0F2BFD0030009A9782 /* Assets.xcassets */; };
		3AF7CC132BFD0030009A9782 /* Preview Assets.xcassets in Resources */ = {isa = PBXBuildFile; fileRef = 3AF7CC122BFD0030009A9782 /* Preview Assets.xcassets */; };
/* End PBXBuildFile section */

/* Begin PBXFileReference section */
		3A52218B2C0295DD00388BBF /* SideBarItem.swift */ = {isa = PBXFileReference; lastKnownFileType = sourcecode.swift; path = SideBarItem.swift; sourceTree = "<group>"; };
		3A52218D2C029EF200388BBF /* SideBarView.swift */ = {isa = PBXFileReference; lastKnownFileType = sourcecode.swift; path = SideBarView.swift; sourceTree = "<group>"; };
		3A5221912C02A21A00388BBF /* Album.swift */ = {isa = PBXFileReference; lastKnownFileType = sourcecode.swift; path = Album.swift; sourceTree = "<group>"; };
		3A5221932C0649A900388BBF /* AlbumsView.swift */ = {isa = PBXFileReference; lastKnownFileType = sourcecode.swift; path = AlbumsView.swift; sourceTree = "<group>"; };
		3AF7CC042BFD002E009A9782 /* DanceDance.app */ = {isa = PBXFileReference; explicitFileType = wrapper.application; includeInIndex = 0; path = DanceDance.app; sourceTree = BUILT_PRODUCTS_DIR; };
		3AF7CC082BFD002E009A9782 /* RealityKitContent */ = {isa = PBXFileReference; lastKnownFileType = wrapper; path = RealityKitContent; sourceTree = "<group>"; };
		3AF7CC0B2BFD002E009A9782 /* DanceDanceApp.swift */ = {isa = PBXFileReference; lastKnownFileType = sourcecode.swift; path = DanceDanceApp.swift; sourceTree = "<group>"; };
		3AF7CC0D2BFD002E009A9782 /* ContentView.swift */ = {isa = PBXFileReference; lastKnownFileType = sourcecode.swift; path = ContentView.swift; sourceTree = "<group>"; };
		3AF7CC0F2BFD0030009A9782 /* Assets.xcassets */ = {isa = PBXFileReference; lastKnownFileType = folder.assetcatalog; path = Assets.xcassets; sourceTree = "<group>"; };
		3AF7CC122BFD0030009A9782 /* Preview Assets.xcassets */ = {isa = PBXFileReference; lastKnownFileType = folder.assetcatalog; path = "Preview Assets.xcassets"; sourceTree = "<group>"; };
		3AF7CC142BFD0030009A9782 /* Info.plist */ = {isa = PBXFileReference; lastKnownFileType = text.plist.xml; path = Info.plist; sourceTree = "<group>"; };
/* End PBXFileReference section */

/* Begin PBXFrameworksBuildPhase section */
		3AF7CC012BFD002E009A9782 /* Frameworks */ = {
			isa = PBXFrameworksBuildPhase;
			buildActionMask = 2147483647;
			files = (
				3AF7CC0A2BFD002E009A9782 /* RealityKitContent in Frameworks */,
			);
			runOnlyForDeploymentPostprocessing = 0;
		};
/* End PBXFrameworksBuildPhase section */

/* Begin PBXGroup section */
		3A52218A2C0295CA00388BBF /* Model */ = {
			isa = PBXGroup;
			children = (
				3A5221912C02A21A00388BBF /* Album.swift */,
			);
			path = Model;
			sourceTree = "<group>";
		};
		3A5221952C065A0B00388BBF /* View */ = {
			isa = PBXGroup;
			children = (
				3AF7CC0B2BFD002E009A9782 /* DanceDanceApp.swift */,
				3AF7CC0D2BFD002E009A9782 /* ContentView.swift */,
				3A52218B2C0295DD00388BBF /* SideBarItem.swift */,
				3A52218D2C029EF200388BBF /* SideBarView.swift */,
				3A5221932C0649A900388BBF /* AlbumsView.swift */,
			);
			path = View;
			sourceTree = "<group>";
		};
		3AF7CBFB2BFD002E009A9782 = {
			isa = PBXGroup;
			children = (
				3AF7CC062BFD002E009A9782 /* DanceDance */,
				3AF7CC072BFD002E009A9782 /* Packages */,
				3AF7CC052BFD002E009A9782 /* Products */,
			);
			sourceTree = "<group>";
		};
		3AF7CC052BFD002E009A9782 /* Products */ = {
			isa = PBXGroup;
			children = (
				3AF7CC042BFD002E009A9782 /* DanceDance.app */,
			);
			name = Products;
			sourceTree = "<group>";
		};
		3AF7CC062BFD002E009A9782 /* DanceDance */ = {
			isa = PBXGroup;
			children = (
				3A5221952C065A0B00388BBF /* View */,
				3A52218A2C0295CA00388BBF /* Model */,
				3AF7CC0F2BFD0030009A9782 /* Assets.xcassets */,
				3AF7CC142BFD0030009A9782 /* Info.plist */,
				3AF7CC112BFD0030009A9782 /* Preview Content */,
			);
			path = DanceDance;
			sourceTree = "<group>";
		};
		3AF7CC072BFD002E009A9782 /* Packages */ = {
			isa = PBXGroup;
			children = (
				3AF7CC082BFD002E009A9782 /* RealityKitContent */,
			);
			path = Packages;
			sourceTree = "<group>";
		};
		3AF7CC112BFD0030009A9782 /* Preview Content */ = {
			isa = PBXGroup;
			children = (
				3AF7CC122BFD0030009A9782 /* Preview Assets.xcassets */,
			);
			path = "Preview Content";
			sourceTree = "<group>";
		};
/* End PBXGroup section */

/* Begin PBXNativeTarget section */
		3AF7CC032BFD002E009A9782 /* DanceDance */ = {
			isa = PBXNativeTarget;
			buildConfigurationList = 3AF7CC172BFD0030009A9782 /* Build configuration list for PBXNativeTarget "DanceDance" */;
			buildPhases = (
				3AF7CC002BFD002E009A9782 /* Sources */,
				3AF7CC012BFD002E009A9782 /* Frameworks */,
				3AF7CC022BFD002E009A9782 /* Resources */,
			);
			buildRules = (
			);
			dependencies = (
			);
			name = DanceDance;
			packageProductDependencies = (
				3AF7CC092BFD002E009A9782 /* RealityKitContent */,
			);
			productName = DanceDance;
			productReference = 3AF7CC042BFD002E009A9782 /* DanceDance.app */;
			productType = "com.apple.product-type.application";
		};
/* End PBXNativeTarget section */

/* Begin PBXProject section */
		3AF7CBFC2BFD002E009A9782 /* Project object */ = {
			isa = PBXProject;
			attributes = {
				BuildIndependentTargetsInParallel = 1;
				LastSwiftUpdateCheck = 1540;
				LastUpgradeCheck = 1540;
				TargetAttributes = {
					3AF7CC032BFD002E009A9782 = {
						CreatedOnToolsVersion = 15.4;
					};
				};
			};
			buildConfigurationList = 3AF7CBFF2BFD002E009A9782 /* Build configuration list for PBXProject "DanceDance" */;
			compatibilityVersion = "Xcode 14.0";
			developmentRegion = en;
			hasScannedForEncodings = 0;
			knownRegions = (
				en,
				Base,
			);
			mainGroup = 3AF7CBFB2BFD002E009A9782;
			productRefGroup = 3AF7CC052BFD002E009A9782 /* Products */;
			projectDirPath = "";
			projectRoot = "";
			targets = (
				3AF7CC032BFD002E009A9782 /* DanceDance */,
			);
		};
/* End PBXProject section */

/* Begin PBXResourcesBuildPhase section */
		3AF7CC022BFD002E009A9782 /* Resources */ = {
			isa = PBXResourcesBuildPhase;
			buildActionMask = 2147483647;
			files = (
				3AF7CC132BFD0030009A9782 /* Preview Assets.xcassets in Resources */,
				3AF7CC102BFD0030009A9782 /* Assets.xcassets in Resources */,
			);
			runOnlyForDeploymentPostprocessing = 0;
		};
/* End PBXResourcesBuildPhase section */

/* Begin PBXSourcesBuildPhase section */
		3AF7CC002BFD002E009A9782 /* Sources */ = {
			isa = PBXSourcesBuildPhase;
			buildActionMask = 2147483647;
			files = (
				3A5221922C02A21A00388BBF /* Album.swift in Sources */,
				3AF7CC0E2BFD002E009A9782 /* ContentView.swift in Sources */,
				3A5221942C0649A900388BBF /* AlbumsView.swift in Sources */,
				3A52218E2C029EF200388BBF /* SideBarView.swift in Sources */,
				3A52218C2C0295DD00388BBF /* SideBarItem.swift in Sources */,
				3AF7CC0C2BFD002E009A9782 /* DanceDanceApp.swift in Sources */,
			);
			runOnlyForDeploymentPostprocessing = 0;
		};
/* End PBXSourcesBuildPhase section */

/* Begin XCBuildConfiguration section */
		3AF7CC152BFD0030009A9782 /* Debug */ = {
			isa = XCBuildConfiguration;
			buildSettings = {
				ALWAYS_SEARCH_USER_PATHS = NO;
				ASSETCATALOG_COMPILER_GENERATE_SWIFT_ASSET_SYMBOL_EXTENSIONS = YES;
				CLANG_ANALYZER_NONNULL = YES;
				CLANG_ANALYZER_NUMBER_OBJECT_CONVERSION = YES_AGGRESSIVE;
				CLANG_CXX_LANGUAGE_STANDARD = "gnu++20";
				CLANG_ENABLE_MODULES = YES;
				CLANG_ENABLE_OBJC_ARC = YES;
				CLANG_ENABLE_OBJC_WEAK = YES;
				CLANG_WARN_BLOCK_CAPTURE_AUTORELEASING = YES;
				CLANG_WARN_BOOL_CONVERSION = YES;
				CLANG_WARN_COMMA = YES;
				CLANG_WARN_CONSTANT_CONVERSION = YES;
				CLANG_WARN_DEPRECATED_OBJC_IMPLEMENTATIONS = YES;
				CLANG_WARN_DIRECT_OBJC_ISA_USAGE = YES_ERROR;
				CLANG_WARN_DOCUMENTATION_COMMENTS = YES;
				CLANG_WARN_EMPTY_BODY = YES;
				CLANG_WARN_ENUM_CONVERSION = YES;
				CLANG_WARN_INFINITE_RECURSION = YES;
				CLANG_WARN_INT_CONVERSION = YES;
				CLANG_WARN_NON_LITERAL_NULL_CONVERSION = YES;
				CLANG_WARN_OBJC_IMPLICIT_RETAIN_SELF = YES;
				CLANG_WARN_OBJC_LITERAL_CONVERSION = YES;
				CLANG_WARN_OBJC_ROOT_CLASS = YES_ERROR;
				CLANG_WARN_QUOTED_INCLUDE_IN_FRAMEWORK_HEADER = YES;
				CLANG_WARN_RANGE_LOOP_ANALYSIS = YES;
				CLANG_WARN_STRICT_PROTOTYPES = YES;
				CLANG_WARN_SUSPICIOUS_MOVE = YES;
				CLANG_WARN_UNGUARDED_AVAILABILITY = YES_AGGRESSIVE;
				CLANG_WARN_UNREACHABLE_CODE = YES;
				CLANG_WARN__DUPLICATE_METHOD_MATCH = YES;
				COPY_PHASE_STRIP = NO;
				DEBUG_INFORMATION_FORMAT = dwarf;
				ENABLE_STRICT_OBJC_MSGSEND = YES;
				ENABLE_TESTABILITY = YES;
				ENABLE_USER_SCRIPT_SANDBOXING = YES;
				GCC_C_LANGUAGE_STANDARD = gnu17;
				GCC_DYNAMIC_NO_PIC = NO;
				GCC_NO_COMMON_BLOCKS = YES;
				GCC_OPTIMIZATION_LEVEL = 0;
				GCC_PREPROCESSOR_DEFINITIONS = (
					"DEBUG=1",
					"$(inherited)",
				);
				GCC_WARN_64_TO_32_BIT_CONVERSION = YES;
				GCC_WARN_ABOUT_RETURN_TYPE = YES_ERROR;
				GCC_WARN_UNDECLARED_SELECTOR = YES;
				GCC_WARN_UNINITIALIZED_AUTOS = YES_AGGRESSIVE;
				GCC_WARN_UNUSED_FUNCTION = YES;
				GCC_WARN_UNUSED_VARIABLE = YES;
				LOCALIZATION_PREFERS_STRING_CATALOGS = YES;
				MTL_ENABLE_DEBUG_INFO = INCLUDE_SOURCE;
				MTL_FAST_MATH = YES;
				ONLY_ACTIVE_ARCH = YES;
				SDKROOT = xros;
				SWIFT_ACTIVE_COMPILATION_CONDITIONS = "DEBUG $(inherited)";
				SWIFT_OPTIMIZATION_LEVEL = "-Onone";
				XROS_DEPLOYMENT_TARGET = 1.2;
			};
			name = Debug;
		};
		3AF7CC162BFD0030009A9782 /* Release */ = {
			isa = XCBuildConfiguration;
			buildSettings = {
				ALWAYS_SEARCH_USER_PATHS = NO;
				ASSETCATALOG_COMPILER_GENERATE_SWIFT_ASSET_SYMBOL_EXTENSIONS = YES;
				CLANG_ANALYZER_NONNULL = YES;
				CLANG_ANALYZER_NUMBER_OBJECT_CONVERSION = YES_AGGRESSIVE;
				CLANG_CXX_LANGUAGE_STANDARD = "gnu++20";
				CLANG_ENABLE_MODULES = YES;
				CLANG_ENABLE_OBJC_ARC = YES;
				CLANG_ENABLE_OBJC_WEAK = YES;
				CLANG_WARN_BLOCK_CAPTURE_AUTORELEASING = YES;
				CLANG_WARN_BOOL_CONVERSION = YES;
				CLANG_WARN_COMMA = YES;
				CLANG_WARN_CONSTANT_CONVERSION = YES;
				CLANG_WARN_DEPRECATED_OBJC_IMPLEMENTATIONS = YES;
				CLANG_WARN_DIRECT_OBJC_ISA_USAGE = YES_ERROR;
				CLANG_WARN_DOCUMENTATION_COMMENTS = YES;
				CLANG_WARN_EMPTY_BODY = YES;
				CLANG_WARN_ENUM_CONVERSION = YES;
				CLANG_WARN_INFINITE_RECURSION = YES;
				CLANG_WARN_INT_CONVERSION = YES;
				CLANG_WARN_NON_LITERAL_NULL_CONVERSION = YES;
				CLANG_WARN_OBJC_IMPLICIT_RETAIN_SELF = YES;
				CLANG_WARN_OBJC_LITERAL_CONVERSION = YES;
				CLANG_WARN_OBJC_ROOT_CLASS = YES_ERROR;
				CLANG_WARN_QUOTED_INCLUDE_IN_FRAMEWORK_HEADER = YES;
				CLANG_WARN_RANGE_LOOP_ANALYSIS = YES;
				CLANG_WARN_STRICT_PROTOTYPES = YES;
				CLANG_WARN_SUSPICIOUS_MOVE = YES;
				CLANG_WARN_UNGUARDED_AVAILABILITY = YES_AGGRESSIVE;
				CLANG_WARN_UNREACHABLE_CODE = YES;
				CLANG_WARN__DUPLICATE_METHOD_MATCH = YES;
				COPY_PHASE_STRIP = NO;
				DEBUG_INFORMATION_FORMAT = "dwarf-with-dsym";
				ENABLE_NS_ASSERTIONS = NO;
				ENABLE_STRICT_OBJC_MSGSEND = YES;
				ENABLE_USER_SCRIPT_SANDBOXING = YES;
				GCC_C_LANGUAGE_STANDARD = gnu17;
				GCC_NO_COMMON_BLOCKS = YES;
				GCC_WARN_64_TO_32_BIT_CONVERSION = YES;
				GCC_WARN_ABOUT_RETURN_TYPE = YES_ERROR;
				GCC_WARN_UNDECLARED_SELECTOR = YES;
				GCC_WARN_UNINITIALIZED_AUTOS = YES_AGGRESSIVE;
				GCC_WARN_UNUSED_FUNCTION = YES;
				GCC_WARN_UNUSED_VARIABLE = YES;
				LOCALIZATION_PREFERS_STRING_CATALOGS = YES;
				MTL_ENABLE_DEBUG_INFO = NO;
				MTL_FAST_MATH = YES;
				SDKROOT = xros;
				SWIFT_COMPILATION_MODE = wholemodule;
				VALIDATE_PRODUCT = YES;
				XROS_DEPLOYMENT_TARGET = 1.2;
			};
			name = Release;
		};
		3AF7CC182BFD0030009A9782 /* Debug */ = {
			isa = XCBuildConfiguration;
			buildSettings = {
				ASSETCATALOG_COMPILER_APPICON_NAME = AppIcon;
				ASSETCATALOG_COMPILER_GLOBAL_ACCENT_COLOR_NAME = AccentColor;
				CODE_SIGN_STYLE = Automatic;
				CURRENT_PROJECT_VERSION = 1;
				DEVELOPMENT_ASSET_PATHS = "\"DanceDance/Preview Content\"";
				DEVELOPMENT_TEAM = X5MZCV93J6;
				ENABLE_PREVIEWS = YES;
				GENERATE_INFOPLIST_FILE = YES;
				INFOPLIST_FILE = "$(TARGET_NAME)/Info.plist";
				LD_RUNPATH_SEARCH_PATHS = (
					"$(inherited)",
					"@executable_path/Frameworks",
				);
				MARKETING_VERSION = 1.0;
				PRODUCT_BUNDLE_IDENTIFIER = BABYB.DanceDance;
				PRODUCT_NAME = "$(TARGET_NAME)";
				SUPPORTED_PLATFORMS = "xros xrsimulator";
				SWIFT_EMIT_LOC_STRINGS = YES;
				SWIFT_VERSION = 5.0;
				TARGETED_DEVICE_FAMILY = "1,2,7";
			};
			name = Debug;
		};
		3AF7CC192BFD0030009A9782 /* Release */ = {
			isa = XCBuildConfiguration;
			buildSettings = {
				ASSETCATALOG_COMPILER_APPICON_NAME = AppIcon;
				ASSETCATALOG_COMPILER_GLOBAL_ACCENT_COLOR_NAME = AccentColor;
				CODE_SIGN_STYLE = Automatic;
				CURRENT_PROJECT_VERSION = 1;
				DEVELOPMENT_ASSET_PATHS = "\"DanceDance/Preview Content\"";
				DEVELOPMENT_TEAM = X5MZCV93J6;
				ENABLE_PREVIEWS = YES;
				GENERATE_INFOPLIST_FILE = YES;
				INFOPLIST_FILE = "$(TARGET_NAME)/Info.plist";
				LD_RUNPATH_SEARCH_PATHS = (
					"$(inherited)",
					"@executable_path/Frameworks",
				);
				MARKETING_VERSION = 1.0;
				PRODUCT_BUNDLE_IDENTIFIER = BABYB.DanceDance;
				PRODUCT_NAME = "$(TARGET_NAME)";
				SUPPORTED_PLATFORMS = "xros xrsimulator";
				SWIFT_EMIT_LOC_STRINGS = YES;
				SWIFT_VERSION = 5.0;
				TARGETED_DEVICE_FAMILY = "1,2,7";
			};
			name = Release;
		};
/* End XCBuildConfiguration section */

/* Begin XCConfigurationList section */
		3AF7CBFF2BFD002E009A9782 /* Build configuration list for PBXProject "DanceDance" */ = {
			isa = XCConfigurationList;
			buildConfigurations = (
				3AF7CC152BFD0030009A9782 /* Debug */,
				3AF7CC162BFD0030009A9782 /* Release */,
			);
			defaultConfigurationIsVisible = 0;
			defaultConfigurationName = Release;
		};
		3AF7CC172BFD0030009A9782 /* Build configuration list for PBXNativeTarget "DanceDance" */ = {
			isa = XCConfigurationList;
			buildConfigurations = (
				3AF7CC182BFD0030009A9782 /* Debug */,
				3AF7CC192BFD0030009A9782 /* Release */,
			);
			defaultConfigurationIsVisible = 0;
			defaultConfigurationName = Release;
		};
/* End XCConfigurationList section */

/* Begin XCSwiftPackageProductDependency section */
		3AF7CC092BFD002E009A9782 /* RealityKitContent */ = {
			isa = XCSwiftPackageProductDependency;
			productName = RealityKitContent;
		};
/* End XCSwiftPackageProductDependency section */
	};
	rootObject = 3AF7CBFC2BFD002E009A9782 /* Project object */;
}
